dependencies:
- name: app
  repository: file://./charts/app
  version: 0.1.0
- name: api
  repository: file://./charts/api
  version: 0.1.0
- name: postgresql
  repository: oci://registry-1.docker.io/bitnamicharts
  version: 13.2.24
digest: sha256:4b13561dfdca97064192f6861fd5f75f25cdf8b4161a2bb092fbede18f879c61
generated: "2023-12-07T16:42:14.91623072+01:00"
