dependencies:
- name: app
  repository: file://./charts/app
  version: 0.1.0
- name: api
  repository: file://./charts/api
  version: 0.1.0
- name: postgresql
  repository: oci://registry-1.docker.io/bitnamicharts
  version: 13.4.6
digest: sha256:254a201e5c57f8ae32c527f319492b34167626947c642491343413df2bd61874
generated: "2024-07-03T15:58:33.064365499+02:00"
